
Microsoft Visual Studio Solution File, Format Version 12.00
# Visual Studio Version 17
VisualStudioVersion = 17.13.35825.156
MinimumVisualStudioVersion = 10.0.40219.1
Project("{FAE04EC0-301F-11D3-BF4B-00C04F79EFBC}") = "GolfProgressTracker.Web", "GolfProgressTracker.Web\GolfProgressTracker.Web.csproj", "{44566D61-D889-4904-8457-B9CFBC2A7F16}"
EndProject
Project("{FAE04EC0-301F-11D3-BF4B-00C04F79EFBC}") = "GolfProgressTracker.Core", "GolfProgressTracker.Core\GolfProgressTracker.Core.csproj", "{5D4E9ECC-FC19-4CF4-A249-D784F796E76F}"
EndProject
Global
	GlobalSection(SolutionConfigurationPlatforms) = preSolution
		Debug|Any CPU = Debug|Any CPU
		Release|Any CPU = Release|Any CPU
	EndGlobalSection
	GlobalSection(ProjectConfigurationPlatforms) = postSolution
		{44566D61-D889-4904-8457-B9CFBC2A7F16}.Debug|Any CPU.ActiveCfg = Debug|Any CPU
		{44566D61-D889-4904-8457-B9CFBC2A7F16}.Debug|Any CPU.Build.0 = Debug|Any CPU
		{44566D61-D889-4904-8457-B9CFBC2A7F16}.Release|Any CPU.ActiveCfg = Release|Any CPU
		{44566D61-D889-4904-8457-B9CFBC2A7F16}.Release|Any CPU.Build.0 = Release|Any CPU
		{5D4E9ECC-FC19-4CF4-A249-D784F796E76F}.Debug|Any CPU.ActiveCfg = Debug|Any CPU
		{5D4E9ECC-FC19-4CF4-A249-D784F796E76F}.Debug|Any CPU.Build.0 = Debug|Any CPU
		{5D4E9ECC-FC19-4CF4-A249-D784F796E76F}.Release|Any CPU.ActiveCfg = Release|Any CPU
		{5D4E9ECC-FC19-4CF4-A249-D784F796E76F}.Release|Any CPU.Build.0 = Release|Any CPU
	EndGlobalSection
	GlobalSection(SolutionProperties) = preSolution
		HideSolutionNode = FALSE
	EndGlobalSection
	GlobalSection(ExtensibilityGlobals) = postSolution
		SolutionGuid = {B4DCB90C-D884-410E-8F27-1DADDFF9C3F2}
	EndGlobalSection
EndGlobal
